
Microsoft Visual Studio Solution File, Format Version 12.00
# Visual Studio Version 17
VisualStudioVersion = 17.0.32112.339
MinimumVisualStudioVersion = 10.0.40219.1
Project("{9A19103F-16F7-4668-BE54-9A1E7A4F7556}") = "PeopleJournalWeb", "PeopleJournalWeb\PeopleJournalWeb.csproj", "{EF771FB6-F11E-4551-9B59-772E05D2C2BC}"
EndProject
Project("{FAE04EC0-301F-11D3-BF4B-00C04F79EFBC}") = "PeopleJournalWeb.Tests", "PeopleJournalWeb.Tests\PeopleJournalWeb.Tests.csproj", "{608AEB6F-AEEB-4B28-BFB6-7A741C620C8B}"
EndProject
Global
	GlobalSection(SolutionConfigurationPlatforms) = preSolution
		Debug|Any CPU = Debug|Any CPU
		Release|Any CPU = Release|Any CPU
		ReleaseWeb|Any CPU = ReleaseWeb|Any CPU
	EndGlobalSection
	GlobalSection(ProjectConfigurationPlatforms) = postSolution
		{EF771FB6-F11E-4551-9B59-772E05D2C2BC}.Debug|Any CPU.ActiveCfg = Debug|Any CPU
		{EF771FB6-F11E-4551-9B59-772E05D2C2BC}.Debug|Any CPU.Build.0 = Debug|Any CPU
		{EF771FB6-F11E-4551-9B59-772E05D2C2BC}.Release|Any CPU.ActiveCfg = Release|Any CPU
		{EF771FB6-F11E-4551-9B59-772E05D2C2BC}.Release|Any CPU.Build.0 = Release|Any CPU
		{EF771FB6-F11E-4551-9B59-772E05D2C2BC}.ReleaseWeb|Any CPU.ActiveCfg = ReleaseWeb|Any CPU
		{EF771FB6-F11E-4551-9B59-772E05D2C2BC}.ReleaseWeb|Any CPU.Build.0 = ReleaseWeb|Any CPU
		{608AEB6F-AEEB-4B28-BFB6-7A741C620C8B}.Debug|Any CPU.ActiveCfg = Debug|Any CPU
		{608AEB6F-AEEB-4B28-BFB6-7A741C620C8B}.Debug|Any CPU.Build.0 = Debug|Any CPU
		{608AEB6F-AEEB-4B28-BFB6-7A741C620C8B}.Release|Any CPU.ActiveCfg = Release|Any CPU
		{608AEB6F-AEEB-4B28-BFB6-7A741C620C8B}.Release|Any CPU.Build.0 = Release|Any CPU
		{608AEB6F-AEEB-4B28-BFB6-7A741C620C8B}.ReleaseWeb|Any CPU.ActiveCfg = Release|Any CPU
		{608AEB6F-AEEB-4B28-BFB6-7A741C620C8B}.ReleaseWeb|Any CPU.Build.0 = Release|Any CPU
	EndGlobalSection
	GlobalSection(SolutionProperties) = preSolution
		HideSolutionNode = FALSE
	EndGlobalSection
	GlobalSection(ExtensibilityGlobals) = postSolution
		SolutionGuid = {85DE01CA-3C4E-4685-B4C0-CFA43DD21BCD}
	EndGlobalSection
EndGlobal
